<?xml version="1.0" encoding="utf-8"?>
<Project ToolsVersion="4.0" xmlns="http://schemas.microsoft.com/developer/msbuild/2003">
  <ItemGroup>
    <ClCompile Include="CDelHel.cpp" />
    <ClCompile Include="DelHel.cpp" />
    <ClCompile Include="helpers.cpp" />
    <ClCompile Include="pch.cpp" />
    <ClCompile Include="route_entry.cpp" />
    <ClCompile Include="flightplan.cpp" />
  </ItemGroup>
  <ItemGroup>
    <ClInclude Include="airport.h" />
    <ClInclude Include="CDelHel.h" />
    <ClInclude Include="constants.h" />
    <ClInclude Include="DelHel.h" />
    <ClInclude Include="framework.h" />
    <ClInclude Include="pch.h" />
    <ClInclude Include="Resource.h" />
    <ClInclude Include="routing.h" />
    <ClInclude Include="sid.h" />
    <ClInclude Include="targetver.h" />
    <ClInclude Include="helpers.h" />
    <ClInclude Include="validation.h" />
    <ClInclude Include="route_entry.h" />
    <ClInclude Include="flightplan.h" />
  </ItemGroup>
  <ItemGroup>
    <ResourceCompile Include="DelHel.rc" />
  </ItemGroup>
  <ItemGroup>
    <CopyFileToFolders Include="airports.json" />
    <CopyFileToFolders Include="routing.json" />
  </ItemGroup>
  <ItemGroup>
    <None Include="DelHel.def" />
    <None Include="res\DelHel.rc2" />
  </ItemGroup>
  <ItemGroup>
    <Text Include="..\version.txt" />
  </ItemGroup>
</Project>